
Microsoft Visual Studio Solution File, Format Version 12.00
# Visual Studio Version 17
VisualStudioVersion = 17.10.35013.160
MinimumVisualStudioVersion = 10.0.40219.1
Project("{FAE04EC0-301F-11D3-BF4B-00C04F79EFBC}") = "WebAppTutorial", "WebAppTutorial\WebAppTutorial.csproj", "{59DD553D-0023-4512-95F2-6A3CC5FD9433}"
EndProject
Global
	GlobalSection(SolutionConfigurationPlatforms) = preSolution
		Debug|Any CPU = Debug|Any CPU
		Release|Any CPU = Release|Any CPU
	EndGlobalSection
	GlobalSection(ProjectConfigurationPlatforms) = postSolution
		{59DD553D-0023-4512-95F2-6A3CC5FD9433}.Debug|Any CPU.ActiveCfg = Debug|Any CPU
		{59DD553D-0023-4512-95F2-6A3CC5FD9433}.Debug|Any CPU.Build.0 = Debug|Any CPU
		{59DD553D-0023-4512-95F2-6A3CC5FD9433}.Release|Any CPU.ActiveCfg = Release|Any CPU
		{59DD553D-0023-4512-95F2-6A3CC5FD9433}.Release|Any CPU.Build.0 = Release|Any CPU
	EndGlobalSection
	GlobalSection(SolutionProperties) = preSolution
		HideSolutionNode = FALSE
	EndGlobalSection
	GlobalSection(ExtensibilityGlobals) = postSolution
		SolutionGuid = {CCDB8034-7563-4CB2-BE40-42A5183A64F5}
	EndGlobalSection
EndGlobal
